
Microsoft Visual Studio Solution File, Format Version 12.00
# Visual Studio Version 17
VisualStudioVersion = 17.2.32630.192
MinimumVisualStudioVersion = 10.0.40219.1
Project("{FAE04EC0-301F-11D3-BF4B-00C04F79EFBC}") = "BlackjackCSharp", "BlackjackCSharp\BlackjackCSharp.csproj", "{4D18DAC4-6837-4531-98DF-752A08A335F7}"
EndProject
Global
	GlobalSection(SolutionConfigurationPlatforms) = preSolution
		Debug|Any CPU = Debug|Any CPU
		Release|Any CPU = Release|Any CPU
	EndGlobalSection
	GlobalSection(ProjectConfigurationPlatforms) = postSolution
		{4D18DAC4-6837-4531-98DF-752A08A335F7}.Debug|Any CPU.ActiveCfg = Debug|Any CPU
		{4D18DAC4-6837-4531-98DF-752A08A335F7}.Debug|Any CPU.Build.0 = Debug|Any CPU
		{4D18DAC4-6837-4531-98DF-752A08A335F7}.Release|Any CPU.ActiveCfg = Release|Any CPU
		{4D18DAC4-6837-4531-98DF-752A08A335F7}.Release|Any CPU.Build.0 = Release|Any CPU
	EndGlobalSection
	GlobalSection(SolutionProperties) = preSolution
		HideSolutionNode = FALSE
	EndGlobalSection
	GlobalSection(ExtensibilityGlobals) = postSolution
		SolutionGuid = {D8B196BE-3E2A-4C51-87D1-DC94EED133D1}
	EndGlobalSection
EndGlobal
